dependencies:
- name: neo4j-standalone
  repository: https://neo4j.github.io/helm-charts/
  version: 4.4.10
- name: redis
  repository: https://charts.bitnami.com/bitnami
  version: 17.1.4
digest: sha256:9ddf554fa7a63ae576c68eeab206674d897450ce05576a59e00645a8c79d00c3
generated: "2022-09-12T15:48:42.550361979+02:00"
